// !$*UTF8*$!
{
	archiveVersion = 1;
	classes = {
	};
	objectVersion = 56;
	objects = {

/* Begin PBXBuildFile section */
		618B0EB12A1D4E5400E32749 /* Coordinator.swift in Sources */ = {isa = PBXBuildFile; fileRef = 618B0EB02A1D4E5400E32749 /* Coordinator.swift */; };
		618B0EB32A1D4E7C00E32749 /* CoordinatorAdapter.swift in Sources */ = {isa = PBXBuildFile; fileRef = 618B0EB22A1D4E7C00E32749 /* CoordinatorAdapter.swift */; };
		618B0EB52A1E2F7C00E32749 /* AppComposition.swift in Sources */ = {isa = PBXBuildFile; fileRef = 618B0EB42A1E2F7C00E32749 /* AppComposition.swift */; };
		9ADB23142A1B55760097259F /* AppDelegate.swift in Sources */ = {isa = PBXBuildFile; fileRef = 9ADB23132A1B55760097259F /* AppDelegate.swift */; };
		9ADB231B2A1B55760097259F /* Main.storyboard in Resources */ = {isa = PBXBuildFile; fileRef = 9ADB23192A1B55760097259F /* Main.storyboard */; };
		9ADB231D2A1B55780097259F /* Assets.xcassets in Resources */ = {isa = PBXBuildFile; fileRef = 9ADB231C2A1B55780097259F /* Assets.xcassets */; };
		9ADB23202A1B55780097259F /* LaunchScreen.storyboard in Resources */ = {isa = PBXBuildFile; fileRef = 9ADB231E2A1B55780097259F /* LaunchScreen.storyboard */; };
		9ADB232D2A1B58850097259F /* AppCoordinator.swift in Sources */ = {isa = PBXBuildFile; fileRef = 9ADB232C2A1B58850097259F /* AppCoordinator.swift */; };
		9ADB23372A1B8A750097259F /* AppAssembly.swift in Sources */ = {isa = PBXBuildFile; fileRef = 9ADB23362A1B8A750097259F /* AppAssembly.swift */; };
		9ADB233A2A1B8D590097259F /* AuthorizationFeature in Frameworks */ = {isa = PBXBuildFile; productRef = 9ADB23392A1B8D590097259F /* AuthorizationFeature */; };
		9ADB233C2A1B8D5F0097259F /* BaseArch in Frameworks */ = {isa = PBXBuildFile; productRef = 9ADB233B2A1B8D5F0097259F /* BaseArch */; };
		9ADB233E2A1B8D640097259F /* DipCore in Frameworks */ = {isa = PBXBuildFile; productRef = 9ADB233D2A1B8D640097259F /* DipCore */; };
		9ADB23402A1B8D6B0097259F /* ProfileFeature in Frameworks */ = {isa = PBXBuildFile; productRef = 9ADB233F2A1B8D6B0097259F /* ProfileFeature */; };
		9ADB23422A1B8D6F0097259F /* SuperCore in Frameworks */ = {isa = PBXBuildFile; productRef = 9ADB23412A1B8D6F0097259F /* SuperCore */; };
		9ADB23442A1B8D730097259F /* MainFeature in Frameworks */ = {isa = PBXBuildFile; productRef = 9ADB23432A1B8D730097259F /* MainFeature */; };
		9ADB23472A1B8EF90097259F /* TabBar in Frameworks */ = {isa = PBXBuildFile; productRef = 9ADB23462A1B8EF90097259F /* TabBar */; };
/* End PBXBuildFile section */

/* Begin PBXFileReference section */
		618B0EB02A1D4E5400E32749 /* Coordinator.swift */ = {isa = PBXFileReference; lastKnownFileType = sourcecode.swift; path = Coordinator.swift; sourceTree = "<group>"; };
		618B0EB22A1D4E7C00E32749 /* CoordinatorAdapter.swift */ = {isa = PBXFileReference; lastKnownFileType = sourcecode.swift; path = CoordinatorAdapter.swift; sourceTree = "<group>"; };
		618B0EB42A1E2F7C00E32749 /* AppComposition.swift */ = {isa = PBXFileReference; lastKnownFileType = sourcecode.swift; path = AppComposition.swift; sourceTree = "<group>"; };
		9ADB23102A1B55760097259F /* TPDemo.app */ = {isa = PBXFileReference; explicitFileType = wrapper.application; includeInIndex = 0; path = TPDemo.app; sourceTree = BUILT_PRODUCTS_DIR; };
		9ADB23132A1B55760097259F /* AppDelegate.swift */ = {isa = PBXFileReference; lastKnownFileType = sourcecode.swift; path = AppDelegate.swift; sourceTree = "<group>"; };
		9ADB231A2A1B55760097259F /* Base */ = {isa = PBXFileReference; lastKnownFileType = file.storyboard; name = Base; path = Base.lproj/Main.storyboard; sourceTree = "<group>"; };
		9ADB231C2A1B55780097259F /* Assets.xcassets */ = {isa = PBXFileReference; lastKnownFileType = folder.assetcatalog; path = Assets.xcassets; sourceTree = "<group>"; };
		9ADB231F2A1B55780097259F /* Base */ = {isa = PBXFileReference; lastKnownFileType = file.storyboard; name = Base; path = Base.lproj/LaunchScreen.storyboard; sourceTree = "<group>"; };
		9ADB23212A1B55780097259F /* Info.plist */ = {isa = PBXFileReference; lastKnownFileType = text.plist.xml; path = Info.plist; sourceTree = "<group>"; };
		9ADB23282A1B56860097259F /* DipCore */ = {isa = PBXFileReference; lastKnownFileType = wrapper; name = DipCore; path = Modules/DipCore; sourceTree = "<group>"; };
		9ADB23292A1B56BC0097259F /* SuperCore */ = {isa = PBXFileReference; lastKnownFileType = wrapper; name = SuperCore; path = Modules/SuperCore; sourceTree = "<group>"; };
		9ADB232C2A1B58850097259F /* AppCoordinator.swift */ = {isa = PBXFileReference; lastKnownFileType = sourcecode.swift; path = AppCoordinator.swift; sourceTree = "<group>"; };
		9ADB232E2A1B5B650097259F /* BaseArch */ = {isa = PBXFileReference; lastKnownFileType = wrapper; name = BaseArch; path = Modules/BaseArch; sourceTree = "<group>"; };
		9ADB232F2A1B63ED0097259F /* AuthorizationFeature */ = {isa = PBXFileReference; lastKnownFileType = wrapper; name = AuthorizationFeature; path = Features/AuthorizationFeature; sourceTree = "<group>"; };
		9ADB23302A1B640B0097259F /* MainFeature */ = {isa = PBXFileReference; lastKnownFileType = wrapper; name = MainFeature; path = Features/MainFeature; sourceTree = "<group>"; };
		9ADB23312A1B64320097259F /* ProfileFeature */ = {isa = PBXFileReference; lastKnownFileType = wrapper; name = ProfileFeature; path = Features/ProfileFeature; sourceTree = "<group>"; };
		9ADB23362A1B8A750097259F /* AppAssembly.swift */ = {isa = PBXFileReference; lastKnownFileType = sourcecode.swift; path = AppAssembly.swift; sourceTree = "<group>"; };
		9ADB23452A1B8EDA0097259F /* TabBar */ = {isa = PBXFileReference; lastKnownFileType = wrapper; name = TabBar; path = Features/TabBar; sourceTree = "<group>"; };
/* End PBXFileReference section */

/* Begin PBXFrameworksBuildPhase section */
		9ADB230D2A1B55760097259F /* Frameworks */ = {
			isa = PBXFrameworksBuildPhase;
			buildActionMask = 2147483647;
			files = (
				9ADB233E2A1B8D640097259F /* DipCore in Frameworks */,
				9ADB233A2A1B8D590097259F /* AuthorizationFeature in Frameworks */,
				9ADB23472A1B8EF90097259F /* TabBar in Frameworks */,
				9ADB23442A1B8D730097259F /* MainFeature in Frameworks */,
				9ADB233C2A1B8D5F0097259F /* BaseArch in Frameworks */,
				9ADB23422A1B8D6F0097259F /* SuperCore in Frameworks */,
				9ADB23402A1B8D6B0097259F /* ProfileFeature in Frameworks */,
			);
			runOnlyForDeploymentPostprocessing = 0;
		};
/* End PBXFrameworksBuildPhase section */

/* Begin PBXGroup section */
		9ADB23072A1B55760097259F = {
			isa = PBXGroup;
			children = (
				9ADB23272A1B56860097259F /* Packages */,
				9ADB23122A1B55760097259F /* TPDemo */,
				9ADB23112A1B55760097259F /* Products */,
				9ADB23382A1B8D590097259F /* Frameworks */,
			);
			sourceTree = "<group>";
		};
		9ADB23112A1B55760097259F /* Products */ = {
			isa = PBXGroup;
			children = (
				9ADB23102A1B55760097259F /* TPDemo.app */,
			);
			name = Products;
			sourceTree = "<group>";
		};
		9ADB23122A1B55760097259F /* TPDemo */ = {
			isa = PBXGroup;
			children = (
				9ADB23212A1B55780097259F /* Info.plist */,
				9ADB232B2A1B57B00097259F /* Resources */,
				9ADB23132A1B55760097259F /* AppDelegate.swift */,
				9ADB232C2A1B58850097259F /* AppCoordinator.swift */,
				618B0EB02A1D4E5400E32749 /* Coordinator.swift */,
				9ADB23362A1B8A750097259F /* AppAssembly.swift */,
				618B0EB22A1D4E7C00E32749 /* CoordinatorAdapter.swift */,
				618B0EB42A1E2F7C00E32749 /* AppComposition.swift */,
			);
			path = TPDemo;
			sourceTree = "<group>";
		};
		9ADB23272A1B56860097259F /* Packages */ = {
			isa = PBXGroup;
			children = (
				9ADB23282A1B56860097259F /* DipCore */,
				9ADB23292A1B56BC0097259F /* SuperCore */,
				9ADB232E2A1B5B650097259F /* BaseArch */,
				9ADB232F2A1B63ED0097259F /* AuthorizationFeature */,
				9ADB23302A1B640B0097259F /* MainFeature */,
				9ADB23312A1B64320097259F /* ProfileFeature */,
				9ADB23452A1B8EDA0097259F /* TabBar */,
			);
			name = Packages;
			sourceTree = "<group>";
		};
		9ADB232B2A1B57B00097259F /* Resources */ = {
			isa = PBXGroup;
			children = (
				9ADB23192A1B55760097259F /* Main.storyboard */,
				9ADB231C2A1B55780097259F /* Assets.xcassets */,
				9ADB231E2A1B55780097259F /* LaunchScreen.storyboard */,
			);
			path = Resources;
			sourceTree = "<group>";
		};
		9ADB23382A1B8D590097259F /* Frameworks */ = {
			isa = PBXGroup;
			children = (
			);
			name = Frameworks;
			sourceTree = "<group>";
		};
/* End PBXGroup section */

/* Begin PBXNativeTarget section */
		9ADB230F2A1B55760097259F /* TPDemo */ = {
			isa = PBXNativeTarget;
			buildConfigurationList = 9ADB23242A1B55780097259F /* Build configuration list for PBXNativeTarget "TPDemo" */;
			buildPhases = (
				9ADB230C2A1B55760097259F /* Sources */,
				9ADB230D2A1B55760097259F /* Frameworks */,
				9ADB230E2A1B55760097259F /* Resources */,
			);
			buildRules = (
			);
			dependencies = (
			);
			name = TPDemo;
			packageProductDependencies = (
				9ADB23392A1B8D590097259F /* AuthorizationFeature */,
				9ADB233B2A1B8D5F0097259F /* BaseArch */,
				9ADB233D2A1B8D640097259F /* DipCore */,
				9ADB233F2A1B8D6B0097259F /* ProfileFeature */,
				9ADB23412A1B8D6F0097259F /* SuperCore */,
				9ADB23432A1B8D730097259F /* MainFeature */,
				9ADB23462A1B8EF90097259F /* TabBar */,
			);
			productName = TPDemo;
			productReference = 9ADB23102A1B55760097259F /* TPDemo.app */;
			productType = "com.apple.product-type.application";
		};
/* End PBXNativeTarget section */

/* Begin PBXProject section */
		9ADB23082A1B55760097259F /* Project object */ = {
			isa = PBXProject;
			attributes = {
				BuildIndependentTargetsInParallel = 1;
				LastSwiftUpdateCheck = 1420;
				LastUpgradeCheck = 1420;
				TargetAttributes = {
					9ADB230F2A1B55760097259F = {
						CreatedOnToolsVersion = 14.2;
					};
				};
			};
			buildConfigurationList = 9ADB230B2A1B55760097259F /* Build configuration list for PBXProject "TPDemo" */;
			compatibilityVersion = "Xcode 14.0";
			developmentRegion = en;
			hasScannedForEncodings = 0;
			knownRegions = (
				en,
				Base,
			);
			mainGroup = 9ADB23072A1B55760097259F;
			productRefGroup = 9ADB23112A1B55760097259F /* Products */;
			projectDirPath = "";
			projectRoot = "";
			targets = (
				9ADB230F2A1B55760097259F /* TPDemo */,
			);
		};
/* End PBXProject section */

/* Begin PBXResourcesBuildPhase section */
		9ADB230E2A1B55760097259F /* Resources */ = {
			isa = PBXResourcesBuildPhase;
			buildActionMask = 2147483647;
			files = (
				9ADB23202A1B55780097259F /* LaunchScreen.storyboard in Resources */,
				9ADB231D2A1B55780097259F /* Assets.xcassets in Resources */,
				9ADB231B2A1B55760097259F /* Main.storyboard in Resources */,
			);
			runOnlyForDeploymentPostprocessing = 0;
		};
/* End PBXResourcesBuildPhase section */

/* Begin PBXSourcesBuildPhase section */
		9ADB230C2A1B55760097259F /* Sources */ = {
			isa = PBXSourcesBuildPhase;
			buildActionMask = 2147483647;
			files = (
				618B0EB52A1E2F7C00E32749 /* AppComposition.swift in Sources */,
				618B0EB32A1D4E7C00E32749 /* CoordinatorAdapter.swift in Sources */,
				618B0EB12A1D4E5400E32749 /* Coordinator.swift in Sources */,
				9ADB23372A1B8A750097259F /* AppAssembly.swift in Sources */,
				9ADB232D2A1B58850097259F /* AppCoordinator.swift in Sources */,
				9ADB23142A1B55760097259F /* AppDelegate.swift in Sources */,
			);
			runOnlyForDeploymentPostprocessing = 0;
		};
/* End PBXSourcesBuildPhase section */

/* Begin PBXVariantGroup section */
		9ADB23192A1B55760097259F /* Main.storyboard */ = {
			isa = PBXVariantGroup;
			children = (
				9ADB231A2A1B55760097259F /* Base */,
			);
			name = Main.storyboard;
			sourceTree = "<group>";
		};
		9ADB231E2A1B55780097259F /* LaunchScreen.storyboard */ = {
			isa = PBXVariantGroup;
			children = (
				9ADB231F2A1B55780097259F /* Base */,
			);
			name = LaunchScreen.storyboard;
			sourceTree = "<group>";
		};
/* End PBXVariantGroup section */

/* Begin XCBuildConfiguration section */
		9ADB23222A1B55780097259F /* Debug */ = {
			isa = XCBuildConfiguration;
			buildSettings = {
				ALWAYS_SEARCH_USER_PATHS = NO;
				CLANG_ANALYZER_NONNULL = YES;
				CLANG_ANALYZER_NUMBER_OBJECT_CONVERSION = YES_AGGRESSIVE;
				CLANG_CXX_LANGUAGE_STANDARD = "gnu++20";
				CLANG_ENABLE_MODULES = YES;
				CLANG_ENABLE_OBJC_ARC = YES;
				CLANG_ENABLE_OBJC_WEAK = YES;
				CLANG_WARN_BLOCK_CAPTURE_AUTORELEASING = YES;
				CLANG_WARN_BOOL_CONVERSION = YES;
				CLANG_WARN_COMMA = YES;
				CLANG_WARN_CONSTANT_CONVERSION = YES;
				CLANG_WARN_DEPRECATED_OBJC_IMPLEMENTATIONS = YES;
				CLANG_WARN_DIRECT_OBJC_ISA_USAGE = YES_ERROR;
				CLANG_WARN_DOCUMENTATION_COMMENTS = YES;
				CLANG_WARN_EMPTY_BODY = YES;
				CLANG_WARN_ENUM_CONVERSION = YES;
				CLANG_WARN_INFINITE_RECURSION = YES;
				CLANG_WARN_INT_CONVERSION = YES;
				CLANG_WARN_NON_LITERAL_NULL_CONVERSION = YES;
				CLANG_WARN_OBJC_IMPLICIT_RETAIN_SELF = YES;
				CLANG_WARN_OBJC_LITERAL_CONVERSION = YES;
				CLANG_WARN_OBJC_ROOT_CLASS = YES_ERROR;
				CLANG_WARN_QUOTED_INCLUDE_IN_FRAMEWORK_HEADER = YES;
				CLANG_WARN_RANGE_LOOP_ANALYSIS = YES;
				CLANG_WARN_STRICT_PROTOTYPES = YES;
				CLANG_WARN_SUSPICIOUS_MOVE = YES;
				CLANG_WARN_UNGUARDED_AVAILABILITY = YES_AGGRESSIVE;
				CLANG_WARN_UNREACHABLE_CODE = YES;
				CLANG_WARN__DUPLICATE_METHOD_MATCH = YES;
				COPY_PHASE_STRIP = NO;
				DEBUG_INFORMATION_FORMAT = dwarf;
				ENABLE_STRICT_OBJC_MSGSEND = YES;
				ENABLE_TESTABILITY = YES;
				GCC_C_LANGUAGE_STANDARD = gnu11;
				GCC_DYNAMIC_NO_PIC = NO;
				GCC_NO_COMMON_BLOCKS = YES;
				GCC_OPTIMIZATION_LEVEL = 0;
				GCC_PREPROCESSOR_DEFINITIONS = (
					"DEBUG=1",
					"$(inherited)",
				);
				GCC_WARN_64_TO_32_BIT_CONVERSION = YES;
				GCC_WARN_ABOUT_RETURN_TYPE = YES_ERROR;
				GCC_WARN_UNDECLARED_SELECTOR = YES;
				GCC_WARN_UNINITIALIZED_AUTOS = YES_AGGRESSIVE;
				GCC_WARN_UNUSED_FUNCTION = YES;
				GCC_WARN_UNUSED_VARIABLE = YES;
				IPHONEOS_DEPLOYMENT_TARGET = 16.2;
				MTL_ENABLE_DEBUG_INFO = INCLUDE_SOURCE;
				MTL_FAST_MATH = YES;
				ONLY_ACTIVE_ARCH = YES;
				SDKROOT = iphoneos;
				SWIFT_ACTIVE_COMPILATION_CONDITIONS = DEBUG;
				SWIFT_OPTIMIZATION_LEVEL = "-Onone";
			};
			name = Debug;
		};
		9ADB23232A1B55780097259F /* Release */ = {
			isa = XCBuildConfiguration;
			buildSettings = {
				ALWAYS_SEARCH_USER_PATHS = NO;
				CLANG_ANALYZER_NONNULL = YES;
				CLANG_ANALYZER_NUMBER_OBJECT_CONVERSION = YES_AGGRESSIVE;
				CLANG_CXX_LANGUAGE_STANDARD = "gnu++20";
				CLANG_ENABLE_MODULES = YES;
				CLANG_ENABLE_OBJC_ARC = YES;
				CLANG_ENABLE_OBJC_WEAK = YES;
				CLANG_WARN_BLOCK_CAPTURE_AUTORELEASING = YES;
				CLANG_WARN_BOOL_CONVERSION = YES;
				CLANG_WARN_COMMA = YES;
				CLANG_WARN_CONSTANT_CONVERSION = YES;
				CLANG_WARN_DEPRECATED_OBJC_IMPLEMENTATIONS = YES;
				CLANG_WARN_DIRECT_OBJC_ISA_USAGE = YES_ERROR;
				CLANG_WARN_DOCUMENTATION_COMMENTS = YES;
				CLANG_WARN_EMPTY_BODY = YES;
				CLANG_WARN_ENUM_CONVERSION = YES;
				CLANG_WARN_INFINITE_RECURSION = YES;
				CLANG_WARN_INT_CONVERSION = YES;
				CLANG_WARN_NON_LITERAL_NULL_CONVERSION = YES;
				CLANG_WARN_OBJC_IMPLICIT_RETAIN_SELF = YES;
				CLANG_WARN_OBJC_LITERAL_CONVERSION = YES;
				CLANG_WARN_OBJC_ROOT_CLASS = YES_ERROR;
				CLANG_WARN_QUOTED_INCLUDE_IN_FRAMEWORK_HEADER = YES;
				CLANG_WARN_RANGE_LOOP_ANALYSIS = YES;
				CLANG_WARN_STRICT_PROTOTYPES = YES;
				CLANG_WARN_SUSPICIOUS_MOVE = YES;
				CLANG_WARN_UNGUARDED_AVAILABILITY = YES_AGGRESSIVE;
				CLANG_WARN_UNREACHABLE_CODE = YES;
				CLANG_WARN__DUPLICATE_METHOD_MATCH = YES;
				COPY_PHASE_STRIP = NO;
				DEBUG_INFORMATION_FORMAT = "dwarf-with-dsym";
				ENABLE_NS_ASSERTIONS = NO;
				ENABLE_STRICT_OBJC_MSGSEND = YES;
				GCC_C_LANGUAGE_STANDARD = gnu11;
				GCC_NO_COMMON_BLOCKS = YES;
				GCC_WARN_64_TO_32_BIT_CONVERSION = YES;
				GCC_WARN_ABOUT_RETURN_TYPE = YES_ERROR;
				GCC_WARN_UNDECLARED_SELECTOR = YES;
				GCC_WARN_UNINITIALIZED_AUTOS = YES_AGGRESSIVE;
				GCC_WARN_UNUSED_FUNCTION = YES;
				GCC_WARN_UNUSED_VARIABLE = YES;
				IPHONEOS_DEPLOYMENT_TARGET = 16.2;
				MTL_ENABLE_DEBUG_INFO = NO;
				MTL_FAST_MATH = YES;
				SDKROOT = iphoneos;
				SWIFT_COMPILATION_MODE = wholemodule;
				SWIFT_OPTIMIZATION_LEVEL = "-O";
				VALIDATE_PRODUCT = YES;
			};
			name = Release;
		};
		9ADB23252A1B55780097259F /* Debug */ = {
			isa = XCBuildConfiguration;
			buildSettings = {
				ASSETCATALOG_COMPILER_APPICON_NAME = AppIcon;
				ASSETCATALOG_COMPILER_GLOBAL_ACCENT_COLOR_NAME = AccentColor;
				CODE_SIGN_STYLE = Automatic;
				CURRENT_PROJECT_VERSION = 1;
				DEVELOPMENT_TEAM = YPFNCC4WXQ;
				GENERATE_INFOPLIST_FILE = YES;
				INFOPLIST_FILE = TPDemo/Info.plist;
				INFOPLIST_KEY_UIApplicationSupportsIndirectInputEvents = YES;
				INFOPLIST_KEY_UILaunchStoryboardName = LaunchScreen;
				INFOPLIST_KEY_UIMainStoryboardFile = Main;
				INFOPLIST_KEY_UISupportedInterfaceOrientations_iPad = "UIInterfaceOrientationPortrait UIInterfaceOrientationPortraitUpsideDown UIInterfaceOrientationLandscapeLeft UIInterfaceOrientationLandscapeRight";
				INFOPLIST_KEY_UISupportedInterfaceOrientations_iPhone = "UIInterfaceOrientationPortrait UIInterfaceOrientationLandscapeLeft UIInterfaceOrientationLandscapeRight";
				IPHONEOS_DEPLOYMENT_TARGET = 14.0;
				LD_RUNPATH_SEARCH_PATHS = (
					"$(inherited)",
					"@executable_path/Frameworks",
				);
				MARKETING_VERSION = 1.0;
				PRODUCT_BUNDLE_IDENTIFIER = akonoplev.com.TPDemo;
				PRODUCT_NAME = "$(TARGET_NAME)";
				SWIFT_EMIT_LOC_STRINGS = YES;
				SWIFT_VERSION = 5.0;
				TARGETED_DEVICE_FAMILY = "1,2";
			};
			name = Debug;
		};
		9ADB23262A1B55780097259F /* Release */ = {
			isa = XCBuildConfiguration;
			buildSettings = {
				ASSETCATALOG_COMPILER_APPICON_NAME = AppIcon;
				ASSETCATALOG_COMPILER_GLOBAL_ACCENT_COLOR_NAME = AccentColor;
				CODE_SIGN_STYLE = Automatic;
				CURRENT_PROJECT_VERSION = 1;
				DEVELOPMENT_TEAM = YPFNCC4WXQ;
				GENERATE_INFOPLIST_FILE = YES;
				INFOPLIST_FILE = TPDemo/Info.plist;
				INFOPLIST_KEY_UIApplicationSupportsIndirectInputEvents = YES;
				INFOPLIST_KEY_UILaunchStoryboardName = LaunchScreen;
				INFOPLIST_KEY_UIMainStoryboardFile = Main;
				INFOPLIST_KEY_UISupportedInterfaceOrientations_iPad = "UIInterfaceOrientationPortrait UIInterfaceOrientationPortraitUpsideDown UIInterfaceOrientationLandscapeLeft UIInterfaceOrientationLandscapeRight";
				INFOPLIST_KEY_UISupportedInterfaceOrientations_iPhone = "UIInterfaceOrientationPortrait UIInterfaceOrientationLandscapeLeft UIInterfaceOrientationLandscapeRight";
				IPHONEOS_DEPLOYMENT_TARGET = 14.0;
				LD_RUNPATH_SEARCH_PATHS = (
					"$(inherited)",
					"@executable_path/Frameworks",
				);
				MARKETING_VERSION = 1.0;
				PRODUCT_BUNDLE_IDENTIFIER = akonoplev.com.TPDemo;
				PRODUCT_NAME = "$(TARGET_NAME)";
				SWIFT_EMIT_LOC_STRINGS = YES;
				SWIFT_VERSION = 5.0;
				TARGETED_DEVICE_FAMILY = "1,2";
			};
			name = Release;
		};
/* End XCBuildConfiguration section */

/* Begin XCConfigurationList section */
		9ADB230B2A1B55760097259F /* Build configuration list for PBXProject "TPDemo" */ = {
			isa = XCConfigurationList;
			buildConfigurations = (
				9ADB23222A1B55780097259F /* Debug */,
				9ADB23232A1B55780097259F /* Release */,
			);
			defaultConfigurationIsVisible = 0;
			defaultConfigurationName = Release;
		};
		9ADB23242A1B55780097259F /* Build configuration list for PBXNativeTarget "TPDemo" */ = {
			isa = XCConfigurationList;
			buildConfigurations = (
				9ADB23252A1B55780097259F /* Debug */,
				9ADB23262A1B55780097259F /* Release */,
			);
			defaultConfigurationIsVisible = 0;
			defaultConfigurationName = Release;
		};
/* End XCConfigurationList section */

/* Begin XCSwiftPackageProductDependency section */
		9ADB23392A1B8D590097259F /* AuthorizationFeature */ = {
			isa = XCSwiftPackageProductDependency;
			productName = AuthorizationFeature;
		};
		9ADB233B2A1B8D5F0097259F /* BaseArch */ = {
			isa = XCSwiftPackageProductDependency;
			productName = BaseArch;
		};
		9ADB233D2A1B8D640097259F /* DipCore */ = {
			isa = XCSwiftPackageProductDependency;
			productName = DipCore;
		};
		9ADB233F2A1B8D6B0097259F /* ProfileFeature */ = {
			isa = XCSwiftPackageProductDependency;
			productName = ProfileFeature;
		};
		9ADB23412A1B8D6F0097259F /* SuperCore */ = {
			isa = XCSwiftPackageProductDependency;
			productName = SuperCore;
		};
		9ADB23432A1B8D730097259F /* MainFeature */ = {
			isa = XCSwiftPackageProductDependency;
			productName = MainFeature;
		};
		9ADB23462A1B8EF90097259F /* TabBar */ = {
			isa = XCSwiftPackageProductDependency;
			productName = TabBar;
		};
/* End XCSwiftPackageProductDependency section */
	};
	rootObject = 9ADB23082A1B55760097259F /* Project object */;
}
